{
    "_meta": {
        "hash": {
            "sha256": "a79ace06669f5fc317fb4bee071672e35be43b76db79ebfef99012b80bd3a086"
        },
        "pipfile-spec": 6,
        "requires": {
            "python_version": "3.6"
        },
        "sources": [
            {
                "name": "pypi",
                "url": "https://pypi.org/simple",
                "verify_ssl": true
            }
        ]
    },
    "default": {
        "certifi": {
            "hashes": [
                "sha256:376690d6f16d32f9d1fe8932551d80b23e9d393a8578c5633a2ed39a64861638",
                "sha256:456048c7e371c089d0a77a5212fb37a2c2dce1e24146e3b7e0261736aaeaa22a"
            ],
            "index": "pypi",
            "version": "==2018.8.24"
        },
        "chardet": {
            "hashes": [
                "sha256:84ab92ed1c4d4f16916e05906b6b75a6c0fb5db821cc65e70cbd64a3e2a5eaae",
                "sha256:fc323ffcaeaed0e0a02bf4d117757b98aed530d9ed4531e3e15460124c106691"
            ],
            "version": "==3.0.4"
        },
        "django": {
            "hashes": [
                "sha256:1226168be1b1c7efd0e66ee79b0e0b58b2caa7ed87717909cd8a57bb13a7079a",
                "sha256:9a4635813e2d498a3c01b10c701fe4a515d76dd290aaa792ccb65ca4ccb6b038"
            ],
            "index": "pypi",
            "version": "==2.2.10"
        },
        "idna": {
            "hashes": [
                "sha256:156a6814fb5ac1fc6850fb002e0852d56c0c8d2531923a51032d1b70760e186e",
                "sha256:684a38a6f903c1d71d6d5fac066b58d7768af4de2b832e426ec79c30daa94a16"
            ],
            "version": "==2.7"
        },
        "pipenv": {
            "hashes": [
                "sha256:a785235bf2ddf65ea8a91531b3372471d9ad86036335dba8bd63f20c00a68e63",
                "sha256:aca036e5fe988c8c2850167976b9361cfa8519afffe95bb1010105547622f9ee",
                "sha256:d5ac9a7705c654ec6ed0059df4f0470d88119591d2724828cb5268207547afc1"
            ],
            "index": "pypi",
            "version": "==2018.10.13"
        },
        "pytz": {
            "hashes": [
                "sha256:a061aa0a9e06881eb8b3b2b43f05b9439d6583c206d0a6c340ff72a7b6669053",
                "sha256:ffb9ef1de172603304d9d2819af6f5ece76f2e85ec10692a524dd876e72bf277"
            ],
            "index": "pypi",
            "version": "==2018.5"
        },
        "requests": {
            "hashes": [
                "sha256:63b52e3c866428a224f97cab011de738c36aec0185aa91cfacd418b5d58911d1",
                "sha256:ec22d826a36ed72a7358ff3fe56cbd4ba69dd7a6718ffd450ff0e9df7a47ce6a"
            ],
            "index": "pypi",
            "version": "==2.19.1"
        },
        "sqlparse": {
            "hashes": [
                "sha256:40afe6b8d4b1117e7dff5504d7a8ce07d9a1b15aeeade8a2d10f130a834f8177",
                "sha256:7c3dca29c022744e95b547e867cee89f4fce4373f3549ccd8797d8eb52cdb873"
            ],
            "version": "==0.3.0"
        },
        "urllib3": {
            "hashes": [
                "sha256:a68ac5e15e76e7e5dd2b8f94007233e01effe3e50e8daddf69acfd81cb686baf",
                "sha256:b5725a0bd4ba422ab0e66e89e030c806576753ea3ee08554382c14e685d117b5"
            ],
            "version": "==1.23"
        },
        "virtualenv": {
            "hashes": [
                "sha256:2ce32cd126117ce2c539f0134eb89de91a8413a29baac49cbab3eb50e2026669",
                "sha256:ca07b4c0b54e14a91af9f34d0919790b016923d157afda5efdde55c96718f752"
            ],
            "index": "pypi",
            "version": "==16.0.0"
        },
        "virtualenv-clone": {
            "hashes": [
                "sha256:4507071d81013fd03ea9930ec26bc8648b997927a11fa80e8ee81198b57e0ac7",
                "sha256:b5cfe535d14dc68dfc1d1bb4ac1209ea28235b91156e2bba8e250d291c3fb4f8"
            ],
            "index": "pypi",
            "version": "==0.3.0"
        },
        "whitenoise": {
            "hashes": [
                "sha256:133a92ff0ab8fb9509f77d4f7d0de493eca19c6fea973f4195d4184f888f2e02",
                "sha256:32b57d193478908a48acb66bf73e7a3c18679263e3e64bfebcfac1144a430039"
            ],
            "index": "pypi",
            "version": "==4.1"
        }
    },
    "develop": {}
}
